Microsoft Visual Studio Solution File, Format Version 9.00
# Visual Studio 2005
Project("{FAE04EC0-301F-11D3-BF4B-00C04F79EFBC}") = "docEUDRenameToolboxItems", "docEUDRenameToolboxItems.csproj", "{FEC36DFB-8B2B-42FB-9A6F-12CBED2C8F3A}"
EndProject
Global
	GlobalSection(SourceCodeControl) = preSolution
		SccNumberOfProjects = 2
		SccLocalPath0 = .
		SccProjectUniqueName1 = docEUDRenameToolboxItems.csproj
		SccLocalPath1 = .
	EndGlobalSection
	GlobalSection(SolutionConfigurationPlatforms) = preSolution
		Debug|Any CPU = Debug|Any CPU
		Release|Any CPU = Release|Any CPU
	EndGlobalSection
	GlobalSection(ProjectConfigurationPlatforms) = postSolution
		{FEC36DFB-8B2B-42FB-9A6F-12CBED2C8F3A}.Debug|Any CPU.ActiveCfg = Debug|Any CPU
		{FEC36DFB-8B2B-42FB-9A6F-12CBED2C8F3A}.Debug|Any CPU.Build.0 = Debug|Any CPU
		{FEC36DFB-8B2B-42FB-9A6F-12CBED2C8F3A}.Release|Any CPU.ActiveCfg = Release|Any CPU
		{FEC36DFB-8B2B-42FB-9A6F-12CBED2C8F3A}.Release|Any CPU.Build.0 = Release|Any CPU
	EndGlobalSection
	GlobalSection(SolutionProperties) = preSolution
		HideSolutionNode = FALSE
	EndGlobalSection
EndGlobal
